
Microsoft Visual Studio Solution File, Format Version 12.00
# Visual Studio Version 16
VisualStudioVersion = 16.0.31129.286
MinimumVisualStudioVersion = 10.0.40219.1
Project("{8BC9CEB8-8B4A-11D0-8D11-00A0C91BC942}") = "projekt_2", "projekt_2.vcxproj", "{C3E2A36D-7B25-4999-A96D-15F6A9475638}"
EndProject
Global
	GlobalSection(SolutionConfigurationPlatforms) = preSolution
		Debug|x64 = Debug|x64
		Debug|x86 = Debug|x86
		Release|x64 = Release|x64
		Release|x86 = Release|x86
	EndGlobalSection
	GlobalSection(ProjectConfigurationPlatforms) = postSolution
		{C3E2A36D-7B25-4999-A96D-15F6A9475638}.Debug|x64.ActiveCfg = Debug|x64
		{C3E2A36D-7B25-4999-A96D-15F6A9475638}.Debug|x64.Build.0 = Debug|x64
		{C3E2A36D-7B25-4999-A96D-15F6A9475638}.Debug|x86.ActiveCfg = Debug|Win32
		{C3E2A36D-7B25-4999-A96D-15F6A9475638}.Debug|x86.Build.0 = Debug|Win32
		{C3E2A36D-7B25-4999-A96D-15F6A9475638}.Release|x64.ActiveCfg = Release|x64
		{C3E2A36D-7B25-4999-A96D-15F6A9475638}.Release|x64.Build.0 = Release|x64
		{C3E2A36D-7B25-4999-A96D-15F6A9475638}.Release|x86.ActiveCfg = Release|Win32
		{C3E2A36D-7B25-4999-A96D-15F6A9475638}.Release|x86.Build.0 = Release|Win32
	EndGlobalSection
	GlobalSection(SolutionProperties) = preSolution
		HideSolutionNode = FALSE
	EndGlobalSection
	GlobalSection(ExtensibilityGlobals) = postSolution
		SolutionGuid = {2AE4719D-3EB1-4208-B9A8-8DDE9F75B581}
	EndGlobalSection
EndGlobal
